// !$*UTF8*$!
{
	archiveVersion = 1;
	classes = {
	};
	objectVersion = 56;
	objects = {

/* Begin PBXBuildFile section */
		11196CCF2AC8B59100652C02 /* SwiftUITestProjectApp.swift in Sources */ = {isa = PBXBuildFile; fileRef = 11196CCE2AC8B59100652C02 /* SwiftUITestProjectApp.swift */; };
		11196CD12AC8B59100652C02 /* CertificateView.swift in Sources */ = {isa = PBXBuildFile; fileRef = 11196CD02AC8B59100652C02 /* CertificateView.swift */; };
		11196CD32AC8B59300652C02 /* Assets.xcassets in Resources */ = {isa = PBXBuildFile; fileRef = 11196CD22AC8B59300652C02 /* Assets.xcassets */; };
		11196CD62AC8B59300652C02 /* Preview Assets.xcassets in Resources */ = {isa = PBXBuildFile; fileRef = 11196CD52AC8B59300652C02 /* Preview Assets.xcassets */; };
		11196CDD2AC9501D00652C02 /* MenuView.swift in Sources */ = {isa = PBXBuildFile; fileRef = 11196CDC2AC9501D00652C02 /* MenuView.swift */; };
		11196CDF2AC9588000652C02 /* Home.swift in Sources */ = {isa = PBXBuildFile; fileRef = 11196CDE2AC9588000652C02 /* Home.swift */; };
		111BCAB12ACACD740055E146 /* UIScrollView.swift in Sources */ = {isa = PBXBuildFile; fileRef = 111BCAB02ACACD740055E146 /* UIScrollView.swift */; };
		1137E79B2AC96F51009A18C9 /* HomeView.swift in Sources */ = {isa = PBXBuildFile; fileRef = 1137E79A2AC96F51009A18C9 /* HomeView.swift */; };
		1137E79D2AC984BC009A18C9 /* UpdateList.swift in Sources */ = {isa = PBXBuildFile; fileRef = 1137E79C2AC984BC009A18C9 /* UpdateList.swift */; };
		1137E79F2AC98877009A18C9 /* UpdateDetail.swift in Sources */ = {isa = PBXBuildFile; fileRef = 1137E79E2AC98877009A18C9 /* UpdateDetail.swift */; };
		1137E7A12AC99104009A18C9 /* UpdateStore.swift in Sources */ = {isa = PBXBuildFile; fileRef = 1137E7A02AC99104009A18C9 /* UpdateStore.swift */; };
		1137E7A32AC99584009A18C9 /* TabBar.swift in Sources */ = {isa = PBXBuildFile; fileRef = 1137E7A22AC99584009A18C9 /* TabBar.swift */; };
		1137E7A52AC9A086009A18C9 /* RingView.swift in Sources */ = {isa = PBXBuildFile; fileRef = 1137E7A42AC9A086009A18C9 /* RingView.swift */; };
		1137E7A72ACA768E009A18C9 /* ShadowModifier.swift in Sources */ = {isa = PBXBuildFile; fileRef = 1137E7A62ACA768E009A18C9 /* ShadowModifier.swift */; };
		1137E7B12ACA7709009A18C9 /* PixelifySans-VariableFont_wght.ttf in Resources */ = {isa = PBXBuildFile; fileRef = 1137E7A92ACA7709009A18C9 /* PixelifySans-VariableFont_wght.ttf */; };
		1137E7B22ACA7709009A18C9 /* PixelifySans-Regular.ttf in Resources */ = {isa = PBXBuildFile; fileRef = 1137E7AB2ACA7709009A18C9 /* PixelifySans-Regular.ttf */; };
		1137E7B32ACA7709009A18C9 /* PixelifySans-Medium.ttf in Resources */ = {isa = PBXBuildFile; fileRef = 1137E7AC2ACA7709009A18C9 /* PixelifySans-Medium.ttf */; };
		1137E7B42ACA7709009A18C9 /* PixelifySans-Bold.ttf in Resources */ = {isa = PBXBuildFile; fileRef = 1137E7AD2ACA7709009A18C9 /* PixelifySans-Bold.ttf */; };
		1137E7B52ACA7709009A18C9 /* PixelifySans-SemiBold.ttf in Resources */ = {isa = PBXBuildFile; fileRef = 1137E7AE2ACA7709009A18C9 /* PixelifySans-SemiBold.ttf */; };
		1137E7B62ACA7709009A18C9 /* OFL.txt in Resources */ = {isa = PBXBuildFile; fileRef = 1137E7AF2ACA7709009A18C9 /* OFL.txt */; };
		1137E7B72ACA7709009A18C9 /* README.txt in Resources */ = {isa = PBXBuildFile; fileRef = 1137E7B02ACA7709009A18C9 /* README.txt */; };
		11DD74F32ACB005700C73BFF /* CourseList.swift in Sources */ = {isa = PBXBuildFile; fileRef = 11DD74F22ACB005700C73BFF /* CourseList.swift */; };
		11DD74F52ACB132600C73BFF /* CloseView.swift in Sources */ = {isa = PBXBuildFile; fileRef = 11DD74F42ACB132600C73BFF /* CloseView.swift */; };
/* End PBXBuildFile section */

/* Begin PBXFileReference section */
		11196CCB2AC8B59100652C02 /* SwiftUITestProject.app */ = {isa = PBXFileReference; explicitFileType = wrapper.application; includeInIndex = 0; path = SwiftUITestProject.app; sourceTree = BUILT_PRODUCTS_DIR; };
		11196CCE2AC8B59100652C02 /* SwiftUITestProjectApp.swift */ = {isa = PBXFileReference; lastKnownFileType = sourcecode.swift; path = SwiftUITestProjectApp.swift; sourceTree = "<group>"; };
		11196CD02AC8B59100652C02 /* CertificateView.swift */ = {isa = PBXFileReference; lastKnownFileType = sourcecode.swift; path = CertificateView.swift; sourceTree = "<group>"; };
		11196CD22AC8B59300652C02 /* Assets.xcassets */ = {isa = PBXFileReference; lastKnownFileType = folder.assetcatalog; path = Assets.xcassets; sourceTree = "<group>"; };
		11196CD52AC8B59300652C02 /* Preview Assets.xcassets */ = {isa = PBXFileReference; lastKnownFileType = folder.assetcatalog; path = "Preview Assets.xcassets"; sourceTree = "<group>"; };
		11196CDC2AC9501D00652C02 /* MenuView.swift */ = {isa = PBXFileReference; lastKnownFileType = sourcecode.swift; path = MenuView.swift; sourceTree = "<group>"; };
		11196CDE2AC9588000652C02 /* Home.swift */ = {isa = PBXFileReference; lastKnownFileType = sourcecode.swift; path = Home.swift; sourceTree = "<group>"; };
		111BCAB02ACACD740055E146 /* UIScrollView.swift */ = {isa = PBXFileReference; lastKnownFileType = sourcecode.swift; path = UIScrollView.swift; sourceTree = "<group>"; };
		1137E79A2AC96F51009A18C9 /* HomeView.swift */ = {isa = PBXFileReference; lastKnownFileType = sourcecode.swift; path = HomeView.swift; sourceTree = "<group>"; };
		1137E79C2AC984BC009A18C9 /* UpdateList.swift */ = {isa = PBXFileReference; lastKnownFileType = sourcecode.swift; path = UpdateList.swift; sourceTree = "<group>"; };
		1137E79E2AC98877009A18C9 /* UpdateDetail.swift */ = {isa = PBXFileReference; lastKnownFileType = sourcecode.swift; path = UpdateDetail.swift; sourceTree = "<group>"; };
		1137E7A02AC99104009A18C9 /* UpdateStore.swift */ = {isa = PBXFileReference; lastKnownFileType = sourcecode.swift; path = UpdateStore.swift; sourceTree = "<group>"; };
		1137E7A22AC99584009A18C9 /* TabBar.swift */ = {isa = PBXFileReference; lastKnownFileType = sourcecode.swift; path = TabBar.swift; sourceTree = "<group>"; };
		1137E7A42AC9A086009A18C9 /* RingView.swift */ = {isa = PBXFileReference; lastKnownFileType = sourcecode.swift; path = RingView.swift; sourceTree = "<group>"; };
		1137E7A62ACA768E009A18C9 /* ShadowModifier.swift */ = {isa = PBXFileReference; lastKnownFileType = sourcecode.swift; path = ShadowModifier.swift; sourceTree = "<group>"; };
		1137E7A92ACA7709009A18C9 /* PixelifySans-VariableFont_wght.ttf */ = {isa = PBXFileReference; lastKnownFileType = file; path = "PixelifySans-VariableFont_wght.ttf"; sourceTree = "<group>"; };
		1137E7AB2ACA7709009A18C9 /* PixelifySans-Regular.ttf */ = {isa = PBXFileReference; lastKnownFileType = file; path = "PixelifySans-Regular.ttf"; sourceTree = "<group>"; };
		1137E7AC2ACA7709009A18C9 /* PixelifySans-Medium.ttf */ = {isa = PBXFileReference; lastKnownFileType = file; path = "PixelifySans-Medium.ttf"; sourceTree = "<group>"; };
		1137E7AD2ACA7709009A18C9 /* PixelifySans-Bold.ttf */ = {isa = PBXFileReference; lastKnownFileType = file; path = "PixelifySans-Bold.ttf"; sourceTree = "<group>"; };
		1137E7AE2ACA7709009A18C9 /* PixelifySans-SemiBold.ttf */ = {isa = PBXFileReference; lastKnownFileType = file; path = "PixelifySans-SemiBold.ttf"; sourceTree = "<group>"; };
		1137E7AF2ACA7709009A18C9 /* OFL.txt */ = {isa = PBXFileReference; fileEncoding = 4; lastKnownFileType = text; path = OFL.txt; sourceTree = "<group>"; };
		1137E7B02ACA7709009A18C9 /* README.txt */ = {isa = PBXFileReference; fileEncoding = 4; lastKnownFileType = text; path = README.txt; sourceTree = "<group>"; };
		1137E7B82ACA772C009A18C9 /* Info.plist */ = {isa = PBXFileReference; lastKnownFileType = text.plist; path = Info.plist; sourceTree = "<group>"; };
		11DD74F22ACB005700C73BFF /* CourseList.swift */ = {isa = PBXFileReference; lastKnownFileType = sourcecode.swift; path = CourseList.swift; sourceTree = "<group>"; };
		11DD74F42ACB132600C73BFF /* CloseView.swift */ = {isa = PBXFileReference; lastKnownFileType = sourcecode.swift; path = CloseView.swift; sourceTree = "<group>"; };
/* End PBXFileReference section */

/* Begin PBXFrameworksBuildPhase section */
		11196CC82AC8B59100652C02 /* Frameworks */ = {
			isa = PBXFrameworksBuildPhase;
			buildActionMask = 2147483647;
			files = (
			);
			runOnlyForDeploymentPostprocessing = 0;
		};
/* End PBXFrameworksBuildPhase section */

/* Begin PBXGroup section */
		11196CC22AC8B59100652C02 = {
			isa = PBXGroup;
			children = (
				11196CCD2AC8B59100652C02 /* SwiftUITestProject */,
				11196CCC2AC8B59100652C02 /* Products */,
			);
			sourceTree = "<group>";
		};
		11196CCC2AC8B59100652C02 /* Products */ = {
			isa = PBXGroup;
			children = (
				11196CCB2AC8B59100652C02 /* SwiftUITestProject.app */,
			);
			name = Products;
			sourceTree = "<group>";
		};
		11196CCD2AC8B59100652C02 /* SwiftUITestProject */ = {
			isa = PBXGroup;
			children = (
				11DD74EF2ACAFFF300C73BFF /* Helpers */,
				11DD74EE2ACAFFDC00C73BFF /* UI Components */,
				11DD74EC2ACAFF9F00C73BFF /* Modules */,
				111BCAB32ACAD0060055E146 /* Modifiers */,
				111BCAB22ACACD920055E146 /* Extensions */,
				1137E7B82ACA772C009A18C9 /* Info.plist */,
				11196CCE2AC8B59100652C02 /* SwiftUITestProjectApp.swift */,
				11196CD22AC8B59300652C02 /* Assets.xcassets */,
				1137E7A82ACA7709009A18C9 /* Pixelify_Sans */,
				11196CD42AC8B59300652C02 /* Preview Content */,
			);
			path = SwiftUITestProject;
			sourceTree = "<group>";
		};
		11196CD42AC8B59300652C02 /* Preview Content */ = {
			isa = PBXGroup;
			children = (
				11196CD52AC8B59300652C02 /* Preview Assets.xcassets */,
			);
			path = "Preview Content";
			sourceTree = "<group>";
		};
		111BCAB22ACACD920055E146 /* Extensions */ = {
			isa = PBXGroup;
			children = (
				111BCAB02ACACD740055E146 /* UIScrollView.swift */,
			);
			path = Extensions;
			sourceTree = "<group>";
		};
		111BCAB32ACAD0060055E146 /* Modifiers */ = {
			isa = PBXGroup;
			children = (
				1137E7A62ACA768E009A18C9 /* ShadowModifier.swift */,
			);
			path = Modifiers;
			sourceTree = "<group>";
		};
		1137E7A82ACA7709009A18C9 /* Pixelify_Sans */ = {
			isa = PBXGroup;
			children = (
				1137E7A92ACA7709009A18C9 /* PixelifySans-VariableFont_wght.ttf */,
				1137E7AA2ACA7709009A18C9 /* static */,
				1137E7AF2ACA7709009A18C9 /* OFL.txt */,
				1137E7B02ACA7709009A18C9 /* README.txt */,
			);
			path = Pixelify_Sans;
			sourceTree = "<group>";
		};
		1137E7AA2ACA7709009A18C9 /* static */ = {
			isa = PBXGroup;
			children = (
				1137E7AB2ACA7709009A18C9 /* PixelifySans-Regular.ttf */,
				1137E7AC2ACA7709009A18C9 /* PixelifySans-Medium.ttf */,
				1137E7AD2ACA7709009A18C9 /* PixelifySans-Bold.ttf */,
				1137E7AE2ACA7709009A18C9 /* PixelifySans-SemiBold.ttf */,
			);
			path = static;
			sourceTree = "<group>";
		};
		11DD74EC2ACAFF9F00C73BFF /* Modules */ = {
			isa = PBXGroup;
			children = (
				11DD74F12ACB002400C73BFF /* TabBar */,
				11DD74F02ACB001600C73BFF /* Certificate */,
				11DD74ED2ACAFFAB00C73BFF /* Home */,
				11DD74F22ACB005700C73BFF /* CourseList.swift */,
			);
			path = Modules;
			sourceTree = "<group>";
		};
		11DD74ED2ACAFFAB00C73BFF /* Home */ = {
			isa = PBXGroup;
			children = (
				1137E79E2AC98877009A18C9 /* UpdateDetail.swift */,
				1137E79C2AC984BC009A18C9 /* UpdateList.swift */,
				11196CDC2AC9501D00652C02 /* MenuView.swift */,
				11196CDE2AC9588000652C02 /* Home.swift */,
				1137E79A2AC96F51009A18C9 /* HomeView.swift */,
			);
			path = Home;
			sourceTree = "<group>";
		};
		11DD74EE2ACAFFDC00C73BFF /* UI Components */ = {
			isa = PBXGroup;
			children = (
				1137E7A42AC9A086009A18C9 /* RingView.swift */,
				11DD74F42ACB132600C73BFF /* CloseView.swift */,
			);
			path = "UI Components";
			sourceTree = "<group>";
		};
		11DD74EF2ACAFFF300C73BFF /* Helpers */ = {
			isa = PBXGroup;
			children = (
				1137E7A02AC99104009A18C9 /* UpdateStore.swift */,
			);
			path = Helpers;
			sourceTree = "<group>";
		};
		11DD74F02ACB001600C73BFF /* Certificate */ = {
			isa = PBXGroup;
			children = (
				11196CD02AC8B59100652C02 /* CertificateView.swift */,
			);
			path = Certificate;
			sourceTree = "<group>";
		};
		11DD74F12ACB002400C73BFF /* TabBar */ = {
			isa = PBXGroup;
			children = (
				1137E7A22AC99584009A18C9 /* TabBar.swift */,
			);
			path = TabBar;
			sourceTree = "<group>";
		};
/* End PBXGroup section */

/* Begin PBXNativeTarget section */
		11196CCA2AC8B59100652C02 /* SwiftUITestProject */ = {
			isa = PBXNativeTarget;
			buildConfigurationList = 11196CD92AC8B59300652C02 /* Build configuration list for PBXNativeTarget "SwiftUITestProject" */;
			buildPhases = (
				11196CC72AC8B59100652C02 /* Sources */,
				11196CC82AC8B59100652C02 /* Frameworks */,
				11196CC92AC8B59100652C02 /* Resources */,
			);
			buildRules = (
			);
			dependencies = (
			);
			name = SwiftUITestProject;
			productName = SwiftUITestProject;
			productReference = 11196CCB2AC8B59100652C02 /* SwiftUITestProject.app */;
			productType = "com.apple.product-type.application";
		};
/* End PBXNativeTarget section */

/* Begin PBXProject section */
		11196CC32AC8B59100652C02 /* Project object */ = {
			isa = PBXProject;
			attributes = {
				BuildIndependentTargetsInParallel = 1;
				LastSwiftUpdateCheck = 1500;
				LastUpgradeCheck = 1500;
				TargetAttributes = {
					11196CCA2AC8B59100652C02 = {
						CreatedOnToolsVersion = 15.0;
					};
				};
			};
			buildConfigurationList = 11196CC62AC8B59100652C02 /* Build configuration list for PBXProject "SwiftUITestProject" */;
			compatibilityVersion = "Xcode 14.0";
			developmentRegion = en;
			hasScannedForEncodings = 0;
			knownRegions = (
				en,
				Base,
			);
			mainGroup = 11196CC22AC8B59100652C02;
			productRefGroup = 11196CCC2AC8B59100652C02 /* Products */;
			projectDirPath = "";
			projectRoot = "";
			targets = (
				11196CCA2AC8B59100652C02 /* SwiftUITestProject */,
			);
		};
/* End PBXProject section */

/* Begin PBXResourcesBuildPhase section */
		11196CC92AC8B59100652C02 /* Resources */ = {
			isa = PBXResourcesBuildPhase;
			buildActionMask = 2147483647;
			files = (
				1137E7B32ACA7709009A18C9 /* PixelifySans-Medium.ttf in Resources */,
				1137E7B72ACA7709009A18C9 /* README.txt in Resources */,
				11196CD62AC8B59300652C02 /* Preview Assets.xcassets in Resources */,
				11196CD32AC8B59300652C02 /* Assets.xcassets in Resources */,
				1137E7B22ACA7709009A18C9 /* PixelifySans-Regular.ttf in Resources */,
				1137E7B42ACA7709009A18C9 /* PixelifySans-Bold.ttf in Resources */,
				1137E7B52ACA7709009A18C9 /* PixelifySans-SemiBold.ttf in Resources */,
				1137E7B62ACA7709009A18C9 /* OFL.txt in Resources */,
				1137E7B12ACA7709009A18C9 /* PixelifySans-VariableFont_wght.ttf in Resources */,
			);
			runOnlyForDeploymentPostprocessing = 0;
		};
/* End PBXResourcesBuildPhase section */

/* Begin PBXSourcesBuildPhase section */
		11196CC72AC8B59100652C02 /* Sources */ = {
			isa = PBXSourcesBuildPhase;
			buildActionMask = 2147483647;
			files = (
				1137E7A52AC9A086009A18C9 /* RingView.swift in Sources */,
				1137E7A32AC99584009A18C9 /* TabBar.swift in Sources */,
				1137E79F2AC98877009A18C9 /* UpdateDetail.swift in Sources */,
				11196CD12AC8B59100652C02 /* CertificateView.swift in Sources */,
				11196CDD2AC9501D00652C02 /* MenuView.swift in Sources */,
				1137E79D2AC984BC009A18C9 /* UpdateList.swift in Sources */,
				1137E7A12AC99104009A18C9 /* UpdateStore.swift in Sources */,
				111BCAB12ACACD740055E146 /* UIScrollView.swift in Sources */,
				11196CDF2AC9588000652C02 /* Home.swift in Sources */,
				11DD74F52ACB132600C73BFF /* CloseView.swift in Sources */,
				1137E79B2AC96F51009A18C9 /* HomeView.swift in Sources */,
				11196CCF2AC8B59100652C02 /* SwiftUITestProjectApp.swift in Sources */,
				1137E7A72ACA768E009A18C9 /* ShadowModifier.swift in Sources */,
				11DD74F32ACB005700C73BFF /* CourseList.swift in Sources */,
			);
			runOnlyForDeploymentPostprocessing = 0;
		};
/* End PBXSourcesBuildPhase section */

/* Begin XCBuildConfiguration section */
		11196CD72AC8B59300652C02 /* Debug */ = {
			isa = XCBuildConfiguration;
			buildSettings = {
				ALWAYS_SEARCH_USER_PATHS = NO;
				ASSETCATALOG_COMPILER_GENERATE_SWIFT_ASSET_SYMBOL_EXTENSIONS = YES;
				CLANG_ANALYZER_NONNULL = YES;
				CLANG_ANALYZER_NUMBER_OBJECT_CONVERSION = YES_AGGRESSIVE;
				CLANG_CXX_LANGUAGE_STANDARD = "gnu++20";
				CLANG_ENABLE_MODULES = YES;
				CLANG_ENABLE_OBJC_ARC = YES;
				CLANG_ENABLE_OBJC_WEAK = YES;
				CLANG_WARN_BLOCK_CAPTURE_AUTORELEASING = YES;
				CLANG_WARN_BOOL_CONVERSION = YES;
				CLANG_WARN_COMMA = YES;
				CLANG_WARN_CONSTANT_CONVERSION = YES;
				CLANG_WARN_DEPRECATED_OBJC_IMPLEMENTATIONS = YES;
				CLANG_WARN_DIRECT_OBJC_ISA_USAGE = YES_ERROR;
				CLANG_WARN_DOCUMENTATION_COMMENTS = YES;
				CLANG_WARN_EMPTY_BODY = YES;
				CLANG_WARN_ENUM_CONVERSION = YES;
				CLANG_WARN_INFINITE_RECURSION = YES;
				CLANG_WARN_INT_CONVERSION = YES;
				CLANG_WARN_NON_LITERAL_NULL_CONVERSION = YES;
				CLANG_WARN_OBJC_IMPLICIT_RETAIN_SELF = YES;
				CLANG_WARN_OBJC_LITERAL_CONVERSION = YES;
				CLANG_WARN_OBJC_ROOT_CLASS = YES_ERROR;
				CLANG_WARN_QUOTED_INCLUDE_IN_FRAMEWORK_HEADER = YES;
				CLANG_WARN_RANGE_LOOP_ANALYSIS = YES;
				CLANG_WARN_STRICT_PROTOTYPES = YES;
				CLANG_WARN_SUSPICIOUS_MOVE = YES;
				CLANG_WARN_UNGUARDED_AVAILABILITY = YES_AGGRESSIVE;
				CLANG_WARN_UNREACHABLE_CODE = YES;
				CLANG_WARN__DUPLICATE_METHOD_MATCH = YES;
				COPY_PHASE_STRIP = NO;
				DEBUG_INFORMATION_FORMAT = dwarf;
				ENABLE_STRICT_OBJC_MSGSEND = YES;
				ENABLE_TESTABILITY = YES;
				ENABLE_USER_SCRIPT_SANDBOXING = YES;
				GCC_C_LANGUAGE_STANDARD = gnu17;
				GCC_DYNAMIC_NO_PIC = NO;
				GCC_NO_COMMON_BLOCKS = YES;
				GCC_OPTIMIZATION_LEVEL = 0;
				GCC_PREPROCESSOR_DEFINITIONS = (
					"DEBUG=1",
					"$(inherited)",
				);
				GCC_WARN_64_TO_32_BIT_CONVERSION = YES;
				GCC_WARN_ABOUT_RETURN_TYPE = YES_ERROR;
				GCC_WARN_UNDECLARED_SELECTOR = YES;
				GCC_WARN_UNINITIALIZED_AUTOS = YES_AGGRESSIVE;
				GCC_WARN_UNUSED_FUNCTION = YES;
				GCC_WARN_UNUSED_VARIABLE = YES;
				IPHONEOS_DEPLOYMENT_TARGET = 17.0;
				LOCALIZATION_PREFERS_STRING_CATALOGS = YES;
				MTL_ENABLE_DEBUG_INFO = INCLUDE_SOURCE;
				MTL_FAST_MATH = YES;
				ONLY_ACTIVE_ARCH = YES;
				SDKROOT = iphoneos;
				SWIFT_ACTIVE_COMPILATION_CONDITIONS = "DEBUG $(inherited)";
				SWIFT_OPTIMIZATION_LEVEL = "-Onone";
			};
			name = Debug;
		};
		11196CD82AC8B59300652C02 /* Release */ = {
			isa = XCBuildConfiguration;
			buildSettings = {
				ALWAYS_SEARCH_USER_PATHS = NO;
				ASSETCATALOG_COMPILER_GENERATE_SWIFT_ASSET_SYMBOL_EXTENSIONS = YES;
				CLANG_ANALYZER_NONNULL = YES;
				CLANG_ANALYZER_NUMBER_OBJECT_CONVERSION = YES_AGGRESSIVE;
				CLANG_CXX_LANGUAGE_STANDARD = "gnu++20";
				CLANG_ENABLE_MODULES = YES;
				CLANG_ENABLE_OBJC_ARC = YES;
				CLANG_ENABLE_OBJC_WEAK = YES;
				CLANG_WARN_BLOCK_CAPTURE_AUTORELEASING = YES;
				CLANG_WARN_BOOL_CONVERSION = YES;
				CLANG_WARN_COMMA = YES;
				CLANG_WARN_CONSTANT_CONVERSION = YES;
				CLANG_WARN_DEPRECATED_OBJC_IMPLEMENTATIONS = YES;
				CLANG_WARN_DIRECT_OBJC_ISA_USAGE = YES_ERROR;
				CLANG_WARN_DOCUMENTATION_COMMENTS = YES;
				CLANG_WARN_EMPTY_BODY = YES;
				CLANG_WARN_ENUM_CONVERSION = YES;
				CLANG_WARN_INFINITE_RECURSION = YES;
				CLANG_WARN_INT_CONVERSION = YES;
				CLANG_WARN_NON_LITERAL_NULL_CONVERSION = YES;
				CLANG_WARN_OBJC_IMPLICIT_RETAIN_SELF = YES;
				CLANG_WARN_OBJC_LITERAL_CONVERSION = YES;
				CLANG_WARN_OBJC_ROOT_CLASS = YES_ERROR;
				CLANG_WARN_QUOTED_INCLUDE_IN_FRAMEWORK_HEADER = YES;
				CLANG_WARN_RANGE_LOOP_ANALYSIS = YES;
				CLANG_WARN_STRICT_PROTOTYPES = YES;
				CLANG_WARN_SUSPICIOUS_MOVE = YES;
				CLANG_WARN_UNGUARDED_AVAILABILITY = YES_AGGRESSIVE;
				CLANG_WARN_UNREACHABLE_CODE = YES;
				CLANG_WARN__DUPLICATE_METHOD_MATCH = YES;
				COPY_PHASE_STRIP = NO;
				DEBUG_INFORMATION_FORMAT = "dwarf-with-dsym";
				ENABLE_NS_ASSERTIONS = NO;
				ENABLE_STRICT_OBJC_MSGSEND = YES;
				ENABLE_USER_SCRIPT_SANDBOXING = YES;
				GCC_C_LANGUAGE_STANDARD = gnu17;
				GCC_NO_COMMON_BLOCKS = YES;
				GCC_WARN_64_TO_32_BIT_CONVERSION = YES;
				GCC_WARN_ABOUT_RETURN_TYPE = YES_ERROR;
				GCC_WARN_UNDECLARED_SELECTOR = YES;
				GCC_WARN_UNINITIALIZED_AUTOS = YES_AGGRESSIVE;
				GCC_WARN_UNUSED_FUNCTION = YES;
				GCC_WARN_UNUSED_VARIABLE = YES;
				IPHONEOS_DEPLOYMENT_TARGET = 17.0;
				LOCALIZATION_PREFERS_STRING_CATALOGS = YES;
				MTL_ENABLE_DEBUG_INFO = NO;
				MTL_FAST_MATH = YES;
				SDKROOT = iphoneos;
				SWIFT_COMPILATION_MODE = wholemodule;
				VALIDATE_PRODUCT = YES;
			};
			name = Release;
		};
		11196CDA2AC8B59300652C02 /* Debug */ = {
			isa = XCBuildConfiguration;
			buildSettings = {
				ASSETCATALOG_COMPILER_APPICON_NAME = AppIcon;
				ASSETCATALOG_COMPILER_GLOBAL_ACCENT_COLOR_NAME = AccentColor;
				CODE_SIGN_STYLE = Automatic;
				CURRENT_PROJECT_VERSION = 1;
				DEVELOPMENT_ASSET_PATHS = "\"SwiftUITestProject/Preview Content\"";
				DEVELOPMENT_TEAM = RTLGBYJM5X;
				ENABLE_PREVIEWS = YES;
				GENERATE_INFOPLIST_FILE = YES;
				INFOPLIST_FILE = SwiftUITestProject/Info.plist;
				INFOPLIST_KEY_UIApplicationSceneManifest_Generation = YES;
				INFOPLIST_KEY_UIApplicationSupportsIndirectInputEvents = YES;
				INFOPLIST_KEY_UILaunchScreen_Generation = YES;
				INFOPLIST_KEY_UISupportedInterfaceOrientations_iPad = "UIInterfaceOrientationPortrait UIInterfaceOrientationPortraitUpsideDown UIInterfaceOrientationLandscapeLeft UIInterfaceOrientationLandscapeRight";
				INFOPLIST_KEY_UISupportedInterfaceOrientations_iPhone = "UIInterfaceOrientationPortrait UIInterfaceOrientationLandscapeLeft UIInterfaceOrientationLandscapeRight";
				LD_RUNPATH_SEARCH_PATHS = (
					"$(inherited)",
					"@executable_path/Frameworks",
				);
				MARKETING_VERSION = 1.0;
				PRODUCT_BUNDLE_IDENTIFIER = com.NikitaKosolapov.SwiftUITestProject;
				PRODUCT_NAME = "$(TARGET_NAME)";
				SWIFT_EMIT_LOC_STRINGS = YES;
				SWIFT_VERSION = 5.0;
				TARGETED_DEVICE_FAMILY = "1,2";
			};
			name = Debug;
		};
		11196CDB2AC8B59300652C02 /* Release */ = {
			isa = XCBuildConfiguration;
			buildSettings = {
				ASSETCATALOG_COMPILER_APPICON_NAME = AppIcon;
				ASSETCATALOG_COMPILER_GLOBAL_ACCENT_COLOR_NAME = AccentColor;
				CODE_SIGN_STYLE = Automatic;
				CURRENT_PROJECT_VERSION = 1;
				DEVELOPMENT_ASSET_PATHS = "\"SwiftUITestProject/Preview Content\"";
				DEVELOPMENT_TEAM = RTLGBYJM5X;
				ENABLE_PREVIEWS = YES;
				GENERATE_INFOPLIST_FILE = YES;
				INFOPLIST_FILE = SwiftUITestProject/Info.plist;
				INFOPLIST_KEY_UIApplicationSceneManifest_Generation = YES;
				INFOPLIST_KEY_UIApplicationSupportsIndirectInputEvents = YES;
				INFOPLIST_KEY_UILaunchScreen_Generation = YES;
				INFOPLIST_KEY_UISupportedInterfaceOrientations_iPad = "UIInterfaceOrientationPortrait UIInterfaceOrientationPortraitUpsideDown UIInterfaceOrientationLandscapeLeft UIInterfaceOrientationLandscapeRight";
				INFOPLIST_KEY_UISupportedInterfaceOrientations_iPhone = "UIInterfaceOrientationPortrait UIInterfaceOrientationLandscapeLeft UIInterfaceOrientationLandscapeRight";
				LD_RUNPATH_SEARCH_PATHS = (
					"$(inherited)",
					"@executable_path/Frameworks",
				);
				MARKETING_VERSION = 1.0;
				PRODUCT_BUNDLE_IDENTIFIER = com.NikitaKosolapov.SwiftUITestProject;
				PRODUCT_NAME = "$(TARGET_NAME)";
				SWIFT_EMIT_LOC_STRINGS = YES;
				SWIFT_VERSION = 5.0;
				TARGETED_DEVICE_FAMILY = "1,2";
			};
			name = Release;
		};
/* End XCBuildConfiguration section */

/* Begin XCConfigurationList section */
		11196CC62AC8B59100652C02 /* Build configuration list for PBXProject "SwiftUITestProject" */ = {
			isa = XCConfigurationList;
			buildConfigurations = (
				11196CD72AC8B59300652C02 /* Debug */,
				11196CD82AC8B59300652C02 /* Release */,
			);
			defaultConfigurationIsVisible = 0;
			defaultConfigurationName = Release;
		};
		11196CD92AC8B59300652C02 /* Build configuration list for PBXNativeTarget "SwiftUITestProject" */ = {
			isa = XCConfigurationList;
			buildConfigurations = (
				11196CDA2AC8B59300652C02 /* Debug */,
				11196CDB2AC8B59300652C02 /* Release */,
			);
			defaultConfigurationIsVisible = 0;
			defaultConfigurationName = Release;
		};
/* End XCConfigurationList section */
	};
	rootObject = 11196CC32AC8B59100652C02 /* Project object */;
}
